
Microsoft Visual Studio Solution File, Format Version 12.00
# Visual Studio Version 17
VisualStudioVersion = 17.5.33627.172
MinimumVisualStudioVersion = 10.0.40219.1
Project("{9A19103F-16F7-4668-BE54-9A1E7A4F7556}") = "StoryGenerator", "StoryGenerator\StoryGenerator.csproj", "{BD530444-E7BA-465B-BEFF-3B60C68FF156}"
EndProject
Project("{9A19103F-16F7-4668-BE54-9A1E7A4F7556}") = "StoryGenerator.Core", "StoryGenerator.Core\StoryGenerator.Core.csproj", "{8C56C0B4-511F-4367-A6E7-68B7FE8B1562}"
EndProject
Global
	GlobalSection(SolutionConfigurationPlatforms) = preSolution
		Debug|Any CPU = Debug|Any CPU
		Release|Any CPU = Release|Any CPU
	EndGlobalSection
	GlobalSection(ProjectConfigurationPlatforms) = postSolution
		{BD530444-E7BA-465B-BEFF-3B60C68FF156}.Debug|Any CPU.ActiveCfg = Debug|Any CPU
		{BD530444-E7BA-465B-BEFF-3B60C68FF156}.Debug|Any CPU.Build.0 = Debug|Any CPU
		{BD530444-E7BA-465B-BEFF-3B60C68FF156}.Release|Any CPU.ActiveCfg = Release|Any CPU
		{BD530444-E7BA-465B-BEFF-3B60C68FF156}.Release|Any CPU.Build.0 = Release|Any CPU
		{8C56C0B4-511F-4367-A6E7-68B7FE8B1562}.Debug|Any CPU.ActiveCfg = Debug|Any CPU
		{8C56C0B4-511F-4367-A6E7-68B7FE8B1562}.Debug|Any CPU.Build.0 = Debug|Any CPU
		{8C56C0B4-511F-4367-A6E7-68B7FE8B1562}.Release|Any CPU.ActiveCfg = Release|Any CPU
		{8C56C0B4-511F-4367-A6E7-68B7FE8B1562}.Release|Any CPU.Build.0 = Release|Any CPU
	EndGlobalSection
	GlobalSection(SolutionProperties) = preSolution
		HideSolutionNode = FALSE
	EndGlobalSection
	GlobalSection(ExtensibilityGlobals) = postSolution
		SolutionGuid = {A6D5F73C-B164-4714-AAC0-A4DD36FA63F5}
	EndGlobalSection
EndGlobal
